
Microsoft Visual Studio Solution File, Format Version 12.00
# Visual Studio Version 16
VisualStudioVersion = 16.0.29519.87
MinimumVisualStudioVersion = 10.0.40219.1
Project("{FAE04EC0-301F-11D3-BF4B-00C04F79EFBC}") = "Lok", "Lok\Lok.csproj", "{8A054F99-36DE-4FBC-8D51-80A5518C0D3E}"
EndProject
Global
	GlobalSection(SolutionConfigurationPlatforms) = preSolution
		Debug|Any CPU = Debug|Any CPU
		Release|Any CPU = Release|Any CPU
	EndGlobalSection
	GlobalSection(ProjectConfigurationPlatforms) = postSolution
		{8A054F99-36DE-4FBC-8D51-80A5518C0D3E}.Debug|Any CPU.ActiveCfg = Debug|Any CPU
		{8A054F99-36DE-4FBC-8D51-80A5518C0D3E}.Debug|Any CPU.Build.0 = Debug|Any CPU
		{8A054F99-36DE-4FBC-8D51-80A5518C0D3E}.Release|Any CPU.ActiveCfg = Release|Any CPU
		{8A054F99-36DE-4FBC-8D51-80A5518C0D3E}.Release|Any CPU.Build.0 = Release|Any CPU
	EndGlobalSection
	GlobalSection(SolutionProperties) = preSolution
		HideSolutionNode = FALSE
	EndGlobalSection
	GlobalSection(ExtensibilityGlobals) = postSolution
		SolutionGuid = {0CEEA80A-8A67-4ACB-BD75-FD70E4D6138E}
	EndGlobalSection
EndGlobal
